{
  "originHash" : "68602fef2fa7163bf83fe8d89a7f7edc1b011a5646d7bef95c1d8249ddc00a7c",
  "pins" : [
    {
      "identity" : "dotlottie-ios",
      "kind" : "remoteSourceControl",
      "location" : "https://github.com/LottieFiles/dotlottie-ios",
      "state" : {
        "branch" : "main",
        "revision" : "d84ba19c566a8b787893b3c4dbb796961638bce7"
      }
    },
    {
      "identity" : "openai",
      "kind" : "remoteSourceControl",
      "location" : "https://github.com/MacPaw/OpenAI.git",
      "state" : {
        "revision" : "843e087929aa806adb611dbca93f9a4a7f28be04",
        "version" : "0.3.0"
      }
    }
  ],
  "version" : 3
}
